
Microsoft Visual Studio Solution File, Format Version 12.00
# Visual Studio Version 17
VisualStudioVersion = 17.4.33103.184
MinimumVisualStudioVersion = 10.0.40219.1
Project("{FAE04EC0-301F-11D3-BF4B-00C04F79EFBC}") = "WinFormsApp5", "WinFormsApp5\WinFormsApp5.csproj", "{D2F64C72-40B0-4127-AB96-7B29545D942E}"
EndProject
Global
	GlobalSection(SolutionConfigurationPlatforms) = preSolution
		Debug|Any CPU = Debug|Any CPU
		Release|Any CPU = Release|Any CPU
	EndGlobalSection
	GlobalSection(ProjectConfigurationPlatforms) = postSolution
		{D2F64C72-40B0-4127-AB96-7B29545D942E}.Debug|Any CPU.ActiveCfg = Debug|Any CPU
		{D2F64C72-40B0-4127-AB96-7B29545D942E}.Debug|Any CPU.Build.0 = Debug|Any CPU
		{D2F64C72-40B0-4127-AB96-7B29545D942E}.Release|Any CPU.ActiveCfg = Release|Any CPU
		{D2F64C72-40B0-4127-AB96-7B29545D942E}.Release|Any CPU.Build.0 = Release|Any CPU
	EndGlobalSection
	GlobalSection(SolutionProperties) = preSolution
		HideSolutionNode = FALSE
	EndGlobalSection
	GlobalSection(ExtensibilityGlobals) = postSolution
		SolutionGuid = {0046AE66-2EE9-45E1-AA59-6892AA77C16E}
	EndGlobalSection
EndGlobal
